// !$*UTF8*$!
{
	archiveVersion = 1;
	classes = {
	};
	objectVersion = 55;
	objects = {

/* Begin PBXBuildFile section */
		F7086A3327D146A900801379 /* HomeViewRow.swift in Sources */ = {isa = PBXBuildFile; fileRef = F7086A3227D146A900801379 /* HomeViewRow.swift */; };
		F71BE80C27D4B85A000F32F7 /* ContentDetailView.swift in Sources */ = {isa = PBXBuildFile; fileRef = F71BE80B27D4B85A000F32F7 /* ContentDetailView.swift */; };
		F71BE80F27D4BF2E000F32F7 /* AVKit.framework in Frameworks */ = {isa = PBXBuildFile; fileRef = F71BE80E27D4BF2E000F32F7 /* AVKit.framework */; };
		F71BE81127D4C2C2000F32F7 /* Constants.swift in Sources */ = {isa = PBXBuildFile; fileRef = F71BE81027D4C2C2000F32F7 /* Constants.swift */; };
		F732A05327CFE01100C3A329 /* LearnIos.swift in Sources */ = {isa = PBXBuildFile; fileRef = F732A05227CFE01100C3A329 /* LearnIos.swift */; };
		F732A05527CFE01100C3A329 /* HomeView.swift in Sources */ = {isa = PBXBuildFile; fileRef = F732A05427CFE01100C3A329 /* HomeView.swift */; };
		F732A05727CFE01300C3A329 /* Assets.xcassets in Resources */ = {isa = PBXBuildFile; fileRef = F732A05627CFE01300C3A329 /* Assets.xcassets */; };
		F732A05A27CFE01300C3A329 /* Preview Assets.xcassets in Resources */ = {isa = PBXBuildFile; fileRef = F732A05927CFE01300C3A329 /* Preview Assets.xcassets */; };
		F732A06627CFE25D00C3A329 /* ContentModel.swift in Sources */ = {isa = PBXBuildFile; fileRef = F732A06527CFE25D00C3A329 /* ContentModel.swift */; };
		F732A06927CFE5EE00C3A329 /* style.html in Resources */ = {isa = PBXBuildFile; fileRef = F732A06727CFE5EE00C3A329 /* style.html */; };
		F732A06A27CFE5EE00C3A329 /* data.json in Resources */ = {isa = PBXBuildFile; fileRef = F732A06827CFE5EE00C3A329 /* data.json */; };
		F7528DC127DE39AD0081A8A2 /* TestResultView.swift in Sources */ = {isa = PBXBuildFile; fileRef = F7528DC027DE39AD0081A8A2 /* TestResultView.swift */; };
		F75AF2B527D351DA008C053A /* ContentViews.swift in Sources */ = {isa = PBXBuildFile; fileRef = F75AF2B427D351DA008C053A /* ContentViews.swift */; };
		F774888527D0A83000644090 /* Models.swift in Sources */ = {isa = PBXBuildFile; fileRef = F774888427D0A83000644090 /* Models.swift */; };
		F797A92E27D8BE0A005B965D /* CodeTextView.swift in Sources */ = {isa = PBXBuildFile; fileRef = F797A92D27D8BE0A005B965D /* CodeTextView.swift */; };
		F7AE46E127DA7969005964CE /* RectangleCard.swift in Sources */ = {isa = PBXBuildFile; fileRef = F7AE46E027DA7969005964CE /* RectangleCard.swift */; };
		F7AE46E327DA8904005964CE /* TestView.swift in Sources */ = {isa = PBXBuildFile; fileRef = F7AE46E227DA8904005964CE /* TestView.swift */; };
		F7C8A8FC27D3A56500FEB47C /* ContentIViewRow.swift in Sources */ = {isa = PBXBuildFile; fileRef = F7C8A8FB27D3A56500FEB47C /* ContentIViewRow.swift */; };
/* End PBXBuildFile section */

/* Begin PBXFileReference section */
		F7086A3227D146A900801379 /* HomeViewRow.swift */ = {isa = PBXFileReference; lastKnownFileType = sourcecode.swift; path = HomeViewRow.swift; sourceTree = "<group>"; };
		F71BE80B27D4B85A000F32F7 /* ContentDetailView.swift */ = {isa = PBXFileReference; lastKnownFileType = sourcecode.swift; path = ContentDetailView.swift; sourceTree = "<group>"; };
		F71BE80E27D4BF2E000F32F7 /* AVKit.framework */ = {isa = PBXFileReference; lastKnownFileType = wrapper.framework; name = AVKit.framework; path = System/Library/Frameworks/AVKit.framework; sourceTree = SDKROOT; };
		F71BE81027D4C2C2000F32F7 /* Constants.swift */ = {isa = PBXFileReference; lastKnownFileType = sourcecode.swift; path = Constants.swift; sourceTree = "<group>"; };
		F732A04F27CFE01100C3A329 /* LearningApp.app */ = {isa = PBXFileReference; explicitFileType = wrapper.application; includeInIndex = 0; path = LearningApp.app; sourceTree = BUILT_PRODUCTS_DIR; };
		F732A05227CFE01100C3A329 /* LearnIos.swift */ = {isa = PBXFileReference; lastKnownFileType = sourcecode.swift; path = LearnIos.swift; sourceTree = "<group>"; };
		F732A05427CFE01100C3A329 /* HomeView.swift */ = {isa = PBXFileReference; lastKnownFileType = sourcecode.swift; path = HomeView.swift; sourceTree = "<group>"; };
		F732A05627CFE01300C3A329 /* Assets.xcassets */ = {isa = PBXFileReference; lastKnownFileType = folder.assetcatalog; path = Assets.xcassets; sourceTree = "<group>"; };
		F732A05927CFE01300C3A329 /* Preview Assets.xcassets */ = {isa = PBXFileReference; lastKnownFileType = folder.assetcatalog; path = "Preview Assets.xcassets"; sourceTree = "<group>"; };
		F732A06527CFE25D00C3A329 /* ContentModel.swift */ = {isa = PBXFileReference; lastKnownFileType = sourcecode.swift; path = ContentModel.swift; sourceTree = "<group>"; };
		F732A06727CFE5EE00C3A329 /* style.html */ = {isa = PBXFileReference; fileEncoding = 4; lastKnownFileType = text.html; path = style.html; sourceTree = "<group>"; };
		F732A06827CFE5EE00C3A329 /* data.json */ = {isa = PBXFileReference; fileEncoding = 4; lastKnownFileType = text.json; path = data.json; sourceTree = "<group>"; };
		F7528DC027DE39AD0081A8A2 /* TestResultView.swift */ = {isa = PBXFileReference; lastKnownFileType = sourcecode.swift; path = TestResultView.swift; sourceTree = "<group>"; };
		F75AF2B427D351DA008C053A /* ContentViews.swift */ = {isa = PBXFileReference; lastKnownFileType = sourcecode.swift; path = ContentViews.swift; sourceTree = "<group>"; };
		F774888427D0A83000644090 /* Models.swift */ = {isa = PBXFileReference; lastKnownFileType = sourcecode.swift; path = Models.swift; sourceTree = "<group>"; };
		F797A92D27D8BE0A005B965D /* CodeTextView.swift */ = {isa = PBXFileReference; lastKnownFileType = sourcecode.swift; path = CodeTextView.swift; sourceTree = "<group>"; };
		F7AE46E027DA7969005964CE /* RectangleCard.swift */ = {isa = PBXFileReference; lastKnownFileType = sourcecode.swift; path = RectangleCard.swift; sourceTree = "<group>"; };
		F7AE46E227DA8904005964CE /* TestView.swift */ = {isa = PBXFileReference; lastKnownFileType = sourcecode.swift; path = TestView.swift; sourceTree = "<group>"; };
		F7C8A8FB27D3A56500FEB47C /* ContentIViewRow.swift */ = {isa = PBXFileReference; lastKnownFileType = sourcecode.swift; path = ContentIViewRow.swift; sourceTree = "<group>"; };
/* End PBXFileReference section */

/* Begin PBXFrameworksBuildPhase section */
		F732A04C27CFE01100C3A329 /* Frameworks */ = {
			isa = PBXFrameworksBuildPhase;
			buildActionMask = 2147483647;
			files = (
				F71BE80F27D4BF2E000F32F7 /* AVKit.framework in Frameworks */,
			);
			runOnlyForDeploymentPostprocessing = 0;
		};
/* End PBXFrameworksBuildPhase section */

/* Begin PBXGroup section */
		F71BE80D27D4BF2E000F32F7 /* Frameworks */ = {
			isa = PBXGroup;
			children = (
				F71BE80E27D4BF2E000F32F7 /* AVKit.framework */,
			);
			name = Frameworks;
			sourceTree = "<group>";
		};
		F732A04627CFE01100C3A329 = {
			isa = PBXGroup;
			children = (
				F732A05127CFE01100C3A329 /* LearningApp */,
				F732A05027CFE01100C3A329 /* Products */,
				F71BE80D27D4BF2E000F32F7 /* Frameworks */,
			);
			sourceTree = "<group>";
		};
		F732A05027CFE01100C3A329 /* Products */ = {
			isa = PBXGroup;
			children = (
				F732A04F27CFE01100C3A329 /* LearningApp.app */,
			);
			name = Products;
			sourceTree = "<group>";
		};
		F732A05127CFE01100C3A329 /* LearningApp */ = {
			isa = PBXGroup;
			children = (
				F732A05227CFE01100C3A329 /* LearnIos.swift */,
				F732A06227CFE14E00C3A329 /* Models */,
				F732A06127CFE14400C3A329 /* ViewModels */,
				F732A06027CFE13B00C3A329 /* Views */,
				F732A06327CFE15700C3A329 /* Helpers */,
				F732A06427CFE16400C3A329 /* Resources */,
				F732A05627CFE01300C3A329 /* Assets.xcassets */,
				F732A05827CFE01300C3A329 /* Preview Content */,
			);
			path = LearningApp;
			sourceTree = "<group>";
		};
		F732A05827CFE01300C3A329 /* Preview Content */ = {
			isa = PBXGroup;
			children = (
				F732A05927CFE01300C3A329 /* Preview Assets.xcassets */,
			);
			path = "Preview Content";
			sourceTree = "<group>";
		};
		F732A06027CFE13B00C3A329 /* Views */ = {
			isa = PBXGroup;
			children = (
				F732A05427CFE01100C3A329 /* HomeView.swift */,
				F7086A3227D146A900801379 /* HomeViewRow.swift */,
				F75AF2B427D351DA008C053A /* ContentViews.swift */,
				F7C8A8FB27D3A56500FEB47C /* ContentIViewRow.swift */,
				F71BE80B27D4B85A000F32F7 /* ContentDetailView.swift */,
				F7AE46E227DA8904005964CE /* TestView.swift */,
				F7528DC027DE39AD0081A8A2 /* TestResultView.swift */,
				F797A92D27D8BE0A005B965D /* CodeTextView.swift */,
				F7AE46E027DA7969005964CE /* RectangleCard.swift */,
			);
			path = Views;
			sourceTree = "<group>";
		};
		F732A06127CFE14400C3A329 /* ViewModels */ = {
			isa = PBXGroup;
			children = (
				F732A06527CFE25D00C3A329 /* ContentModel.swift */,
			);
			path = ViewModels;
			sourceTree = "<group>";
		};
		F732A06227CFE14E00C3A329 /* Models */ = {
			isa = PBXGroup;
			children = (
				F774888427D0A83000644090 /* Models.swift */,
			);
			path = Models;
			sourceTree = "<group>";
		};
		F732A06327CFE15700C3A329 /* Helpers */ = {
			isa = PBXGroup;
			children = (
			);
			path = Helpers;
			sourceTree = "<group>";
		};
		F732A06427CFE16400C3A329 /* Resources */ = {
			isa = PBXGroup;
			children = (
				F732A06827CFE5EE00C3A329 /* data.json */,
				F732A06727CFE5EE00C3A329 /* style.html */,
				F71BE81027D4C2C2000F32F7 /* Constants.swift */,
			);
			path = Resources;
			sourceTree = "<group>";
		};
/* End PBXGroup section */

/* Begin PBXNativeTarget section */
		F732A04E27CFE01100C3A329 /* LearningApp */ = {
			isa = PBXNativeTarget;
			buildConfigurationList = F732A05D27CFE01300C3A329 /* Build configuration list for PBXNativeTarget "LearningApp" */;
			buildPhases = (
				F732A04B27CFE01100C3A329 /* Sources */,
				F732A04C27CFE01100C3A329 /* Frameworks */,
				F732A04D27CFE01100C3A329 /* Resources */,
			);
			buildRules = (
			);
			dependencies = (
			);
			name = LearningApp;
			productName = LearningApp;
			productReference = F732A04F27CFE01100C3A329 /* LearningApp.app */;
			productType = "com.apple.product-type.application";
		};
/* End PBXNativeTarget section */

/* Begin PBXProject section */
		F732A04727CFE01100C3A329 /* Project object */ = {
			isa = PBXProject;
			attributes = {
				BuildIndependentTargetsInParallel = 1;
				LastSwiftUpdateCheck = 1320;
				LastUpgradeCheck = 1320;
				TargetAttributes = {
					F732A04E27CFE01100C3A329 = {
						CreatedOnToolsVersion = 13.2.1;
					};
				};
			};
			buildConfigurationList = F732A04A27CFE01100C3A329 /* Build configuration list for PBXProject "LearningApp" */;
			compatibilityVersion = "Xcode 13.0";
			developmentRegion = en;
			hasScannedForEncodings = 0;
			knownRegions = (
				en,
				Base,
			);
			mainGroup = F732A04627CFE01100C3A329;
			productRefGroup = F732A05027CFE01100C3A329 /* Products */;
			projectDirPath = "";
			projectRoot = "";
			targets = (
				F732A04E27CFE01100C3A329 /* LearningApp */,
			);
		};
/* End PBXProject section */

/* Begin PBXResourcesBuildPhase section */
		F732A04D27CFE01100C3A329 /* Resources */ = {
			isa = PBXResourcesBuildPhase;
			buildActionMask = 2147483647;
			files = (
				F732A06927CFE5EE00C3A329 /* style.html in Resources */,
				F732A05A27CFE01300C3A329 /* Preview Assets.xcassets in Resources */,
				F732A05727CFE01300C3A329 /* Assets.xcassets in Resources */,
				F732A06A27CFE5EE00C3A329 /* data.json in Resources */,
			);
			runOnlyForDeploymentPostprocessing = 0;
		};
/* End PBXResourcesBuildPhase section */

/* Begin PBXSourcesBuildPhase section */
		F732A04B27CFE01100C3A329 /* Sources */ = {
			isa = PBXSourcesBuildPhase;
			buildActionMask = 2147483647;
			files = (
				F7AE46E327DA8904005964CE /* TestView.swift in Sources */,
				F7528DC127DE39AD0081A8A2 /* TestResultView.swift in Sources */,
				F732A05527CFE01100C3A329 /* HomeView.swift in Sources */,
				F7086A3327D146A900801379 /* HomeViewRow.swift in Sources */,
				F7C8A8FC27D3A56500FEB47C /* ContentIViewRow.swift in Sources */,
				F71BE80C27D4B85A000F32F7 /* ContentDetailView.swift in Sources */,
				F75AF2B527D351DA008C053A /* ContentViews.swift in Sources */,
				F732A05327CFE01100C3A329 /* LearnIos.swift in Sources */,
				F797A92E27D8BE0A005B965D /* CodeTextView.swift in Sources */,
				F732A06627CFE25D00C3A329 /* ContentModel.swift in Sources */,
				F774888527D0A83000644090 /* Models.swift in Sources */,
				F7AE46E127DA7969005964CE /* RectangleCard.swift in Sources */,
				F71BE81127D4C2C2000F32F7 /* Constants.swift in Sources */,
			);
			runOnlyForDeploymentPostprocessing = 0;
		};
/* End PBXSourcesBuildPhase section */

/* Begin XCBuildConfiguration section */
		F732A05B27CFE01300C3A329 /* Debug */ = {
			isa = XCBuildConfiguration;
			buildSettings = {
				ALWAYS_SEARCH_USER_PATHS = NO;
				CLANG_ANALYZER_NONNULL = YES;
				CLANG_ANALYZER_NUMBER_OBJECT_CONVERSION = YES_AGGRESSIVE;
				CLANG_CXX_LANGUAGE_STANDARD = "gnu++17";
				CLANG_CXX_LIBRARY = "libc++";
				CLANG_ENABLE_MODULES = YES;
				CLANG_ENABLE_OBJC_ARC = YES;
				CLANG_ENABLE_OBJC_WEAK = YES;
				CLANG_WARN_BLOCK_CAPTURE_AUTORELEASING = YES;
				CLANG_WARN_BOOL_CONVERSION = YES;
				CLANG_WARN_COMMA = YES;
				CLANG_WARN_CONSTANT_CONVERSION = YES;
				CLANG_WARN_DEPRECATED_OBJC_IMPLEMENTATIONS = YES;
				CLANG_WARN_DIRECT_OBJC_ISA_USAGE = YES_ERROR;
				CLANG_WARN_DOCUMENTATION_COMMENTS = YES;
				CLANG_WARN_EMPTY_BODY = YES;
				CLANG_WARN_ENUM_CONVERSION = YES;
				CLANG_WARN_INFINITE_RECURSION = YES;
				CLANG_WARN_INT_CONVERSION = YES;
				CLANG_WARN_NON_LITERAL_NULL_CONVERSION = YES;
				CLANG_WARN_OBJC_IMPLICIT_RETAIN_SELF = YES;
				CLANG_WARN_OBJC_LITERAL_CONVERSION = YES;
				CLANG_WARN_OBJC_ROOT_CLASS = YES_ERROR;
				CLANG_WARN_QUOTED_INCLUDE_IN_FRAMEWORK_HEADER = YES;
				CLANG_WARN_RANGE_LOOP_ANALYSIS = YES;
				CLANG_WARN_STRICT_PROTOTYPES = YES;
				CLANG_WARN_SUSPICIOUS_MOVE = YES;
				CLANG_WARN_UNGUARDED_AVAILABILITY = YES_AGGRESSIVE;
				CLANG_WARN_UNREACHABLE_CODE = YES;
				CLANG_WARN__DUPLICATE_METHOD_MATCH = YES;
				COPY_PHASE_STRIP = NO;
				DEBUG_INFORMATION_FORMAT = dwarf;
				ENABLE_STRICT_OBJC_MSGSEND = YES;
				ENABLE_TESTABILITY = YES;
				GCC_C_LANGUAGE_STANDARD = gnu11;
				GCC_DYNAMIC_NO_PIC = NO;
				GCC_NO_COMMON_BLOCKS = YES;
				GCC_OPTIMIZATION_LEVEL = 0;
				GCC_PREPROCESSOR_DEFINITIONS = (
					"DEBUG=1",
					"$(inherited)",
				);
				GCC_WARN_64_TO_32_BIT_CONVERSION = YES;
				GCC_WARN_ABOUT_RETURN_TYPE = YES_ERROR;
				GCC_WARN_UNDECLARED_SELECTOR = YES;
				GCC_WARN_UNINITIALIZED_AUTOS = YES_AGGRESSIVE;
				GCC_WARN_UNUSED_FUNCTION = YES;
				GCC_WARN_UNUSED_VARIABLE = YES;
				IPHONEOS_DEPLOYMENT_TARGET = 15.2;
				MTL_ENABLE_DEBUG_INFO = INCLUDE_SOURCE;
				MTL_FAST_MATH = YES;
				ONLY_ACTIVE_ARCH = YES;
				SDKROOT = iphoneos;
				SWIFT_ACTIVE_COMPILATION_CONDITIONS = DEBUG;
				SWIFT_OPTIMIZATION_LEVEL = "-Onone";
			};
			name = Debug;
		};
		F732A05C27CFE01300C3A329 /* Release */ = {
			isa = XCBuildConfiguration;
			buildSettings = {
				ALWAYS_SEARCH_USER_PATHS = NO;
				CLANG_ANALYZER_NONNULL = YES;
				CLANG_ANALYZER_NUMBER_OBJECT_CONVERSION = YES_AGGRESSIVE;
				CLANG_CXX_LANGUAGE_STANDARD = "gnu++17";
				CLANG_CXX_LIBRARY = "libc++";
				CLANG_ENABLE_MODULES = YES;
				CLANG_ENABLE_OBJC_ARC = YES;
				CLANG_ENABLE_OBJC_WEAK = YES;
				CLANG_WARN_BLOCK_CAPTURE_AUTORELEASING = YES;
				CLANG_WARN_BOOL_CONVERSION = YES;
				CLANG_WARN_COMMA = YES;
				CLANG_WARN_CONSTANT_CONVERSION = YES;
				CLANG_WARN_DEPRECATED_OBJC_IMPLEMENTATIONS = YES;
				CLANG_WARN_DIRECT_OBJC_ISA_USAGE = YES_ERROR;
				CLANG_WARN_DOCUMENTATION_COMMENTS = YES;
				CLANG_WARN_EMPTY_BODY = YES;
				CLANG_WARN_ENUM_CONVERSION = YES;
				CLANG_WARN_INFINITE_RECURSION = YES;
				CLANG_WARN_INT_CONVERSION = YES;
				CLANG_WARN_NON_LITERAL_NULL_CONVERSION = YES;
				CLANG_WARN_OBJC_IMPLICIT_RETAIN_SELF = YES;
				CLANG_WARN_OBJC_LITERAL_CONVERSION = YES;
				CLANG_WARN_OBJC_ROOT_CLASS = YES_ERROR;
				CLANG_WARN_QUOTED_INCLUDE_IN_FRAMEWORK_HEADER = YES;
				CLANG_WARN_RANGE_LOOP_ANALYSIS = YES;
				CLANG_WARN_STRICT_PROTOTYPES = YES;
				CLANG_WARN_SUSPICIOUS_MOVE = YES;
				CLANG_WARN_UNGUARDED_AVAILABILITY = YES_AGGRESSIVE;
				CLANG_WARN_UNREACHABLE_CODE = YES;
				CLANG_WARN__DUPLICATE_METHOD_MATCH = YES;
				COPY_PHASE_STRIP = NO;
				DEBUG_INFORMATION_FORMAT = "dwarf-with-dsym";
				ENABLE_NS_ASSERTIONS = NO;
				ENABLE_STRICT_OBJC_MSGSEND = YES;
				GCC_C_LANGUAGE_STANDARD = gnu11;
				GCC_NO_COMMON_BLOCKS = YES;
				GCC_WARN_64_TO_32_BIT_CONVERSION = YES;
				GCC_WARN_ABOUT_RETURN_TYPE = YES_ERROR;
				GCC_WARN_UNDECLARED_SELECTOR = YES;
				GCC_WARN_UNINITIALIZED_AUTOS = YES_AGGRESSIVE;
				GCC_WARN_UNUSED_FUNCTION = YES;
				GCC_WARN_UNUSED_VARIABLE = YES;
				IPHONEOS_DEPLOYMENT_TARGET = 15.2;
				MTL_ENABLE_DEBUG_INFO = NO;
				MTL_FAST_MATH = YES;
				SDKROOT = iphoneos;
				SWIFT_COMPILATION_MODE = wholemodule;
				SWIFT_OPTIMIZATION_LEVEL = "-O";
				VALIDATE_PRODUCT = YES;
			};
			name = Release;
		};
		F732A05E27CFE01300C3A329 /* Debug */ = {
			isa = XCBuildConfiguration;
			buildSettings = {
				ASSETCATALOG_COMPILER_APPICON_NAME = AppIcon;
				ASSETCATALOG_COMPILER_GLOBAL_ACCENT_COLOR_NAME = AccentColor;
				CODE_SIGN_STYLE = Automatic;
				CURRENT_PROJECT_VERSION = 1;
				DEVELOPMENT_ASSET_PATHS = "\"LearningApp/Preview Content\"";
				ENABLE_PREVIEWS = YES;
				GENERATE_INFOPLIST_FILE = YES;
				INFOPLIST_KEY_UIApplicationSceneManifest_Generation = YES;
				INFOPLIST_KEY_UIApplicationSupportsIndirectInputEvents = YES;
				INFOPLIST_KEY_UILaunchScreen_Generation = YES;
				INFOPLIST_KEY_UISupportedInterfaceOrientations_iPad = "UIInterfaceOrientationPortrait UIInterfaceOrientationPortraitUpsideDown UIInterfaceOrientationLandscapeLeft UIInterfaceOrientationLandscapeRight";
				INFOPLIST_KEY_UISupportedInterfaceOrientations_iPhone = "UIInterfaceOrientationPortrait UIInterfaceOrientationLandscapeLeft UIInterfaceOrientationLandscapeRight";
				LD_RUNPATH_SEARCH_PATHS = (
					"$(inherited)",
					"@executable_path/Frameworks",
				);
				MARKETING_VERSION = 1.0;
				PRODUCT_BUNDLE_IDENTIFIER = com.bozkurt.LearningApp;
				PRODUCT_NAME = "$(TARGET_NAME)";
				SWIFT_EMIT_LOC_STRINGS = YES;
				SWIFT_VERSION = 5.0;
				TARGETED_DEVICE_FAMILY = "1,2";
			};
			name = Debug;
		};
		F732A05F27CFE01300C3A329 /* Release */ = {
			isa = XCBuildConfiguration;
			buildSettings = {
				ASSETCATALOG_COMPILER_APPICON_NAME = AppIcon;
				ASSETCATALOG_COMPILER_GLOBAL_ACCENT_COLOR_NAME = AccentColor;
				CODE_SIGN_STYLE = Automatic;
				CURRENT_PROJECT_VERSION = 1;
				DEVELOPMENT_ASSET_PATHS = "\"LearningApp/Preview Content\"";
				ENABLE_PREVIEWS = YES;
				GENERATE_INFOPLIST_FILE = YES;
				INFOPLIST_KEY_UIApplicationSceneManifest_Generation = YES;
				INFOPLIST_KEY_UIApplicationSupportsIndirectInputEvents = YES;
				INFOPLIST_KEY_UILaunchScreen_Generation = YES;
				INFOPLIST_KEY_UISupportedInterfaceOrientations_iPad = "UIInterfaceOrientationPortrait UIInterfaceOrientationPortraitUpsideDown UIInterfaceOrientationLandscapeLeft UIInterfaceOrientationLandscapeRight";
				INFOPLIST_KEY_UISupportedInterfaceOrientations_iPhone = "UIInterfaceOrientationPortrait UIInterfaceOrientationLandscapeLeft UIInterfaceOrientationLandscapeRight";
				LD_RUNPATH_SEARCH_PATHS = (
					"$(inherited)",
					"@executable_path/Frameworks",
				);
				MARKETING_VERSION = 1.0;
				PRODUCT_BUNDLE_IDENTIFIER = com.bozkurt.LearningApp;
				PRODUCT_NAME = "$(TARGET_NAME)";
				SWIFT_EMIT_LOC_STRINGS = YES;
				SWIFT_VERSION = 5.0;
				TARGETED_DEVICE_FAMILY = "1,2";
			};
			name = Release;
		};
/* End XCBuildConfiguration section */

/* Begin XCConfigurationList section */
		F732A04A27CFE01100C3A329 /* Build configuration list for PBXProject "LearningApp" */ = {
			isa = XCConfigurationList;
			buildConfigurations = (
				F732A05B27CFE01300C3A329 /* Debug */,
				F732A05C27CFE01300C3A329 /* Release */,
			);
			defaultConfigurationIsVisible = 0;
			defaultConfigurationName = Release;
		};
		F732A05D27CFE01300C3A329 /* Build configuration list for PBXNativeTarget "LearningApp" */ = {
			isa = XCConfigurationList;
			buildConfigurations = (
				F732A05E27CFE01300C3A329 /* Debug */,
				F732A05F27CFE01300C3A329 /* Release */,
			);
			defaultConfigurationIsVisible = 0;
			defaultConfigurationName = Release;
		};
/* End XCConfigurationList section */
	};
	rootObject = F732A04727CFE01100C3A329 /* Project object */;
}
